
Microsoft Visual Studio Solution File, Format Version 12.00
# Visual Studio Version 17
VisualStudioVersion = 17.4.33103.184
MinimumVisualStudioVersion = 10.0.40219.1
Project("{FAE04EC0-301F-11D3-BF4B-00C04F79EFBC}") = "SelectionStatementSwitchC32", "SelectionStatementSwitchC32\SelectionStatementSwitchC32.csproj", "{37A4153B-0053-4634-BADB-6DEEDB39CA32}"
EndProject
Global
	GlobalSection(SolutionConfigurationPlatforms) = preSolution
		Debug|Any CPU = Debug|Any CPU
		Release|Any CPU = Release|Any CPU
	EndGlobalSection
	GlobalSection(ProjectConfigurationPlatforms) = postSolution
		{37A4153B-0053-4634-BADB-6DEEDB39CA32}.Debug|Any CPU.ActiveCfg = Debug|Any CPU
		{37A4153B-0053-4634-BADB-6DEEDB39CA32}.Debug|Any CPU.Build.0 = Debug|Any CPU
		{37A4153B-0053-4634-BADB-6DEEDB39CA32}.Release|Any CPU.ActiveCfg = Release|Any CPU
		{37A4153B-0053-4634-BADB-6DEEDB39CA32}.Release|Any CPU.Build.0 = Release|Any CPU
	EndGlobalSection
	GlobalSection(SolutionProperties) = preSolution
		HideSolutionNode = FALSE
	EndGlobalSection
	GlobalSection(ExtensibilityGlobals) = postSolution
		SolutionGuid = {9E8B1F13-7F0B-4D9B-8F98-03C0DC79B07B}
	EndGlobalSection
EndGlobal
